
Microsoft Visual Studio Solution File, Format Version 12.00
# Visual Studio Version 16
VisualStudioVersion = 16.0.31105.61
MinimumVisualStudioVersion = 10.0.40219.1
Project("{FAE04EC0-301F-11D3-BF4B-00C04F79EFBC}") = "LocalizationDemo", "LocalizationDemo\LocalizationDemo.csproj", "{8F8143BE-2F30-4385-ACA2-E95BC50D5370}"
EndProject
Global
	GlobalSection(SolutionConfigurationPlatforms) = preSolution
		Debug|Any CPU = Debug|Any CPU
		Release|Any CPU = Release|Any CPU
	EndGlobalSection
	GlobalSection(ProjectConfigurationPlatforms) = postSolution
		{8F8143BE-2F30-4385-ACA2-E95BC50D5370}.Debug|Any CPU.ActiveCfg = Debug|Any CPU
		{8F8143BE-2F30-4385-ACA2-E95BC50D5370}.Debug|Any CPU.Build.0 = Debug|Any CPU
		{8F8143BE-2F30-4385-ACA2-E95BC50D5370}.Release|Any CPU.ActiveCfg = Release|Any CPU
		{8F8143BE-2F30-4385-ACA2-E95BC50D5370}.Release|Any CPU.Build.0 = Release|Any CPU
	EndGlobalSection
	GlobalSection(SolutionProperties) = preSolution
		HideSolutionNode = FALSE
	EndGlobalSection
	GlobalSection(ExtensibilityGlobals) = postSolution
		SolutionGuid = {A579FEB0-9865-4CBF-B863-06691DC3D3A1}
	EndGlobalSection
EndGlobal
