
Microsoft Visual Studio Solution File, Format Version 12.00
# Visual Studio Version 16
VisualStudioVersion = 16.0.31105.61
MinimumVisualStudioVersion = 10.0.40219.1
Project("{9A19103F-16F7-4668-BE54-9A1E7A4F7556}") = "LocalizationDemo", "LocalizationDemo\LocalizationDemo.csproj", "{8F8143BE-2F30-4385-ACA2-E95BC50D5370}"
EndProject
Project("{9A19103F-16F7-4668-BE54-9A1E7A4F7556}") = "Localization.I18N", "Localization.I18N\Localization.I18N.csproj", "{6ABCB3E6-0A80-418A-9D4E-192E4E8B95EF}"
EndProject
Global
	GlobalSection(SolutionConfigurationPlatforms) = preSolution
		Debug|Any CPU = Debug|Any CPU
		Release|Any CPU = Release|Any CPU
	EndGlobalSection
	GlobalSection(ProjectConfigurationPlatforms) = postSolution
		{8F8143BE-2F30-4385-ACA2-E95BC50D5370}.Debug|Any CPU.ActiveCfg = Debug|x64
		{8F8143BE-2F30-4385-ACA2-E95BC50D5370}.Debug|Any CPU.Build.0 = Debug|x64
		{8F8143BE-2F30-4385-ACA2-E95BC50D5370}.Release|Any CPU.ActiveCfg = Release|Any CPU
		{8F8143BE-2F30-4385-ACA2-E95BC50D5370}.Release|Any CPU.Build.0 = Release|Any CPU
		{6ABCB3E6-0A80-418A-9D4E-192E4E8B95EF}.Debug|Any CPU.ActiveCfg = Debug|x64
		{6ABCB3E6-0A80-418A-9D4E-192E4E8B95EF}.Debug|Any CPU.Build.0 = Debug|x64
		{6ABCB3E6-0A80-418A-9D4E-192E4E8B95EF}.Release|Any CPU.ActiveCfg = Release|Any CPU
		{6ABCB3E6-0A80-418A-9D4E-192E4E8B95EF}.Release|Any CPU.Build.0 = Release|Any CPU
	EndGlobalSection
	GlobalSection(SolutionProperties) = preSolution
		HideSolutionNode = FALSE
	EndGlobalSection
	GlobalSection(ExtensibilityGlobals) = postSolution
		SolutionGuid = {A579FEB0-9865-4CBF-B863-06691DC3D3A1}
	EndGlobalSection
EndGlobal
